
Microsoft Visual Studio Solution File, Format Version 12.00
# Visual Studio Version 17
VisualStudioVersion = 17.12.35527.113
MinimumVisualStudioVersion = 10.0.40219.1
Project("{2150E333-8FDC-42A3-9474-1A3956D46DE8}") = "Shared", "Shared", "{AD75E7BC-6F3C-4017-A9BD-46E340060336}"
	ProjectSection(SolutionItems) = preProject
		constants.h = constants.h
		exam_logic.cpp = exam_logic.cpp
		exam_logic.h = exam_logic.h
		ipc.cpp = ipc.cpp
		ipc.h = ipc.h
		structures.h = structures.h
		utils.cpp = utils.cpp
		utils.h = utils.h
	EndProjectSection
EndProject
Project("{8BC9CEB8-8B4A-11D0-8D11-00A0C91BC942}") = "StudentApp", "StudentApp\StudentApp.vcxproj", "{F1E09EF2-D707-4676-88D0-0A036022183D}"
	ProjectSection(ProjectDependencies) = postProject
		{6A4D8F84-5D8E-4240-850C-7AB380DD9FF1} = {6A4D8F84-5D8E-4240-850C-7AB380DD9FF1}
		{95DE6380-3720-47AD-A525-53D81457B44E} = {95DE6380-3720-47AD-A525-53D81457B44E}
		{D52C4863-49DE-421D-881C-65C6A45255E9} = {D52C4863-49DE-421D-881C-65C6A45255E9}
	EndProjectSection
EndProject
Project("{8BC9CEB8-8B4A-11D0-8D11-00A0C91BC942}") = "DeanApp", "DeanApp\DeanApp.vcxproj", "{D52C4863-49DE-421D-881C-65C6A45255E9}"
EndProject
Project("{8BC9CEB8-8B4A-11D0-8D11-00A0C91BC942}") = "CommissionAApp", "CommissionAApp\CommissionAApp.vcxproj", "{95DE6380-3720-47AD-A525-53D81457B44E}"
	ProjectSection(ProjectDependencies) = postProject
		{6A4D8F84-5D8E-4240-850C-7AB380DD9FF1} = {6A4D8F84-5D8E-4240-850C-7AB380DD9FF1}
		{D52C4863-49DE-421D-881C-65C6A45255E9} = {D52C4863-49DE-421D-881C-65C6A45255E9}
	EndProjectSection
EndProject
Project("{8BC9CEB8-8B4A-11D0-8D11-00A0C91BC942}") = "CommissionBApp", "CommissionBApp\CommissionBApp.vcxproj", "{6A4D8F84-5D8E-4240-850C-7AB380DD9FF1}"
	ProjectSection(ProjectDependencies) = postProject
		{D52C4863-49DE-421D-881C-65C6A45255E9} = {D52C4863-49DE-421D-881C-65C6A45255E9}
	EndProjectSection
EndProject
Global
	GlobalSection(SolutionConfigurationPlatforms) = preSolution
		Debug|ARM = Debug|ARM
		Debug|ARM64 = Debug|ARM64
		Debug|x64 = Debug|x64
		Debug|x86 = Debug|x86
		Release|ARM = Release|ARM
		Release|ARM64 = Release|ARM64
		Release|x64 = Release|x64
		Release|x86 = Release|x86
	EndGlobalSection
	GlobalSection(ProjectConfigurationPlatforms) = postSolution
		{F1E09EF2-D707-4676-88D0-0A036022183D}.Debug|ARM.ActiveCfg = Debug|ARM
		{F1E09EF2-D707-4676-88D0-0A036022183D}.Debug|ARM.Build.0 = Debug|ARM
		{F1E09EF2-D707-4676-88D0-0A036022183D}.Debug|ARM.Deploy.0 = Debug|ARM
		{F1E09EF2-D707-4676-88D0-0A036022183D}.Debug|ARM64.ActiveCfg = Debug|ARM64
		{F1E09EF2-D707-4676-88D0-0A036022183D}.Debug|ARM64.Build.0 = Debug|ARM64
		{F1E09EF2-D707-4676-88D0-0A036022183D}.Debug|ARM64.Deploy.0 = Debug|ARM64
		{F1E09EF2-D707-4676-88D0-0A036022183D}.Debug|x64.ActiveCfg = Debug|x64
		{F1E09EF2-D707-4676-88D0-0A036022183D}.Debug|x64.Build.0 = Debug|x64
		{F1E09EF2-D707-4676-88D0-0A036022183D}.Debug|x64.Deploy.0 = Debug|x64
		{F1E09EF2-D707-4676-88D0-0A036022183D}.Debug|x86.ActiveCfg = Debug|x86
		{F1E09EF2-D707-4676-88D0-0A036022183D}.Debug|x86.Build.0 = Debug|x86
		{F1E09EF2-D707-4676-88D0-0A036022183D}.Debug|x86.Deploy.0 = Debug|x86
		{F1E09EF2-D707-4676-88D0-0A036022183D}.Release|ARM.ActiveCfg = Release|ARM
		{F1E09EF2-D707-4676-88D0-0A036022183D}.Release|ARM.Build.0 = Release|ARM
		{F1E09EF2-D707-4676-88D0-0A036022183D}.Release|ARM.Deploy.0 = Release|ARM
		{F1E09EF2-D707-4676-88D0-0A036022183D}.Release|ARM64.ActiveCfg = Release|ARM64
		{F1E09EF2-D707-4676-88D0-0A036022183D}.Release|ARM64.Build.0 = Release|ARM64
		{F1E09EF2-D707-4676-88D0-0A036022183D}.Release|ARM64.Deploy.0 = Release|ARM64
		{F1E09EF2-D707-4676-88D0-0A036022183D}.Release|x64.ActiveCfg = Release|x64
		{F1E09EF2-D707-4676-88D0-0A036022183D}.Release|x64.Build.0 = Release|x64
		{F1E09EF2-D707-4676-88D0-0A036022183D}.Release|x64.Deploy.0 = Release|x64
		{F1E09EF2-D707-4676-88D0-0A036022183D}.Release|x86.ActiveCfg = Release|x86
		{F1E09EF2-D707-4676-88D0-0A036022183D}.Release|x86.Build.0 = Release|x86
		{F1E09EF2-D707-4676-88D0-0A036022183D}.Release|x86.Deploy.0 = Release|x86
		{D52C4863-49DE-421D-881C-65C6A45255E9}.Debug|ARM.ActiveCfg = Debug|ARM
		{D52C4863-49DE-421D-881C-65C6A45255E9}.Debug|ARM.Build.0 = Debug|ARM
		{D52C4863-49DE-421D-881C-65C6A45255E9}.Debug|ARM.Deploy.0 = Debug|ARM
		{D52C4863-49DE-421D-881C-65C6A45255E9}.Debug|ARM64.ActiveCfg = Debug|ARM64
		{D52C4863-49DE-421D-881C-65C6A45255E9}.Debug|ARM64.Build.0 = Debug|ARM64
		{D52C4863-49DE-421D-881C-65C6A45255E9}.Debug|ARM64.Deploy.0 = Debug|ARM64
		{D52C4863-49DE-421D-881C-65C6A45255E9}.Debug|x64.ActiveCfg = Debug|x64
		{D52C4863-49DE-421D-881C-65C6A45255E9}.Debug|x64.Build.0 = Debug|x64
		{D52C4863-49DE-421D-881C-65C6A45255E9}.Debug|x64.Deploy.0 = Debug|x64
		{D52C4863-49DE-421D-881C-65C6A45255E9}.Debug|x86.ActiveCfg = Debug|x86
		{D52C4863-49DE-421D-881C-65C6A45255E9}.Debug|x86.Build.0 = Debug|x86
		{D52C4863-49DE-421D-881C-65C6A45255E9}.Debug|x86.Deploy.0 = Debug|x86
		{D52C4863-49DE-421D-881C-65C6A45255E9}.Release|ARM.ActiveCfg = Release|ARM
		{D52C4863-49DE-421D-881C-65C6A45255E9}.Release|ARM.Build.0 = Release|ARM
		{D52C4863-49DE-421D-881C-65C6A45255E9}.Release|ARM.Deploy.0 = Release|ARM
		{D52C4863-49DE-421D-881C-65C6A45255E9}.Release|ARM64.ActiveCfg = Release|ARM64
		{D52C4863-49DE-421D-881C-65C6A45255E9}.Release|ARM64.Build.0 = Release|ARM64
		{D52C4863-49DE-421D-881C-65C6A45255E9}.Release|ARM64.Deploy.0 = Release|ARM64
		{D52C4863-49DE-421D-881C-65C6A45255E9}.Release|x64.ActiveCfg = Release|x64
		{D52C4863-49DE-421D-881C-65C6A45255E9}.Release|x64.Build.0 = Release|x64
		{D52C4863-49DE-421D-881C-65C6A45255E9}.Release|x64.Deploy.0 = Release|x64
		{D52C4863-49DE-421D-881C-65C6A45255E9}.Release|x86.ActiveCfg = Release|x86
		{D52C4863-49DE-421D-881C-65C6A45255E9}.Release|x86.Build.0 = Release|x86
		{D52C4863-49DE-421D-881C-65C6A45255E9}.Release|x86.Deploy.0 = Release|x86
		{95DE6380-3720-47AD-A525-53D81457B44E}.Debug|ARM.ActiveCfg = Debug|ARM
		{95DE6380-3720-47AD-A525-53D81457B44E}.Debug|ARM.Build.0 = Debug|ARM
		{95DE6380-3720-47AD-A525-53D81457B44E}.Debug|ARM.Deploy.0 = Debug|ARM
		{95DE6380-3720-47AD-A525-53D81457B44E}.Debug|ARM64.ActiveCfg = Debug|ARM64
		{95DE6380-3720-47AD-A525-53D81457B44E}.Debug|ARM64.Build.0 = Debug|ARM64
		{95DE6380-3720-47AD-A525-53D81457B44E}.Debug|ARM64.Deploy.0 = Debug|ARM64
		{95DE6380-3720-47AD-A525-53D81457B44E}.Debug|x64.ActiveCfg = Debug|x64
		{95DE6380-3720-47AD-A525-53D81457B44E}.Debug|x64.Build.0 = Debug|x64
		{95DE6380-3720-47AD-A525-53D81457B44E}.Debug|x64.Deploy.0 = Debug|x64
		{95DE6380-3720-47AD-A525-53D81457B44E}.Debug|x86.ActiveCfg = Debug|x86
		{95DE6380-3720-47AD-A525-53D81457B44E}.Debug|x86.Build.0 = Debug|x86
		{95DE6380-3720-47AD-A525-53D81457B44E}.Debug|x86.Deploy.0 = Debug|x86
		{95DE6380-3720-47AD-A525-53D81457B44E}.Release|ARM.ActiveCfg = Release|ARM
		{95DE6380-3720-47AD-A525-53D81457B44E}.Release|ARM.Build.0 = Release|ARM
		{95DE6380-3720-47AD-A525-53D81457B44E}.Release|ARM.Deploy.0 = Release|ARM
		{95DE6380-3720-47AD-A525-53D81457B44E}.Release|ARM64.ActiveCfg = Release|ARM64
		{95DE6380-3720-47AD-A525-53D81457B44E}.Release|ARM64.Build.0 = Release|ARM64
		{95DE6380-3720-47AD-A525-53D81457B44E}.Release|ARM64.Deploy.0 = Release|ARM64
		{95DE6380-3720-47AD-A525-53D81457B44E}.Release|x64.ActiveCfg = Release|x64
		{95DE6380-3720-47AD-A525-53D81457B44E}.Release|x64.Build.0 = Release|x64
		{95DE6380-3720-47AD-A525-53D81457B44E}.Release|x64.Deploy.0 = Release|x64
		{95DE6380-3720-47AD-A525-53D81457B44E}.Release|x86.ActiveCfg = Release|x86
		{95DE6380-3720-47AD-A525-53D81457B44E}.Release|x86.Build.0 = Release|x86
		{95DE6380-3720-47AD-A525-53D81457B44E}.Release|x86.Deploy.0 = Release|x86
		{6A4D8F84-5D8E-4240-850C-7AB380DD9FF1}.Debug|ARM.ActiveCfg = Debug|ARM
		{6A4D8F84-5D8E-4240-850C-7AB380DD9FF1}.Debug|ARM.Build.0 = Debug|ARM
		{6A4D8F84-5D8E-4240-850C-7AB380DD9FF1}.Debug|ARM.Deploy.0 = Debug|ARM
		{6A4D8F84-5D8E-4240-850C-7AB380DD9FF1}.Debug|ARM64.ActiveCfg = Debug|ARM64
		{6A4D8F84-5D8E-4240-850C-7AB380DD9FF1}.Debug|ARM64.Build.0 = Debug|ARM64
		{6A4D8F84-5D8E-4240-850C-7AB380DD9FF1}.Debug|ARM64.Deploy.0 = Debug|ARM64
		{6A4D8F84-5D8E-4240-850C-7AB380DD9FF1}.Debug|x64.ActiveCfg = Debug|x64
		{6A4D8F84-5D8E-4240-850C-7AB380DD9FF1}.Debug|x64.Build.0 = Debug|x64
		{6A4D8F84-5D8E-4240-850C-7AB380DD9FF1}.Debug|x64.Deploy.0 = Debug|x64
		{6A4D8F84-5D8E-4240-850C-7AB380DD9FF1}.Debug|x86.ActiveCfg = Debug|x86
		{6A4D8F84-5D8E-4240-850C-7AB380DD9FF1}.Debug|x86.Build.0 = Debug|x86
		{6A4D8F84-5D8E-4240-850C-7AB380DD9FF1}.Debug|x86.Deploy.0 = Debug|x86
		{6A4D8F84-5D8E-4240-850C-7AB380DD9FF1}.Release|ARM.ActiveCfg = Release|ARM
		{6A4D8F84-5D8E-4240-850C-7AB380DD9FF1}.Release|ARM.Build.0 = Release|ARM
		{6A4D8F84-5D8E-4240-850C-7AB380DD9FF1}.Release|ARM.Deploy.0 = Release|ARM
		{6A4D8F84-5D8E-4240-850C-7AB380DD9FF1}.Release|ARM64.ActiveCfg = Release|ARM64
		{6A4D8F84-5D8E-4240-850C-7AB380DD9FF1}.Release|ARM64.Build.0 = Release|ARM64
		{6A4D8F84-5D8E-4240-850C-7AB380DD9FF1}.Release|ARM64.Deploy.0 = Release|ARM64
		{6A4D8F84-5D8E-4240-850C-7AB380DD9FF1}.Release|x64.ActiveCfg = Release|x64
		{6A4D8F84-5D8E-4240-850C-7AB380DD9FF1}.Release|x64.Build.0 = Release|x64
		{6A4D8F84-5D8E-4240-850C-7AB380DD9FF1}.Release|x64.Deploy.0 = Release|x64
		{6A4D8F84-5D8E-4240-850C-7AB380DD9FF1}.Release|x86.ActiveCfg = Release|x86
		{6A4D8F84-5D8E-4240-850C-7AB380DD9FF1}.Release|x86.Build.0 = Release|x86
		{6A4D8F84-5D8E-4240-850C-7AB380DD9FF1}.Release|x86.Deploy.0 = Release|x86
	EndGlobalSection
	GlobalSection(SolutionProperties) = preSolution
		HideSolutionNode = FALSE
	EndGlobalSection
EndGlobal
